
Microsoft Visual Studio Solution File, Format Version 12.00
Project("{FAE04EC0-301F-11D3-BF4B-00C04F79EFBC}") = "Calculator", "Calculator\Calculator.csproj", "{506126C6-7452-4983-B2EF-2B0BE9FC3745}"
EndProject
Global
	GlobalSection(SolutionConfigurationPlatforms) = preSolution
		Debug|Any CPU = Debug|Any CPU
		Release|Any CPU = Release|Any CPU
	EndGlobalSection
	GlobalSection(ProjectConfigurationPlatforms) = postSolution
		{506126C6-7452-4983-B2EF-2B0BE9FC3745}.Debug|Any CPU.ActiveCfg = Debug|Any CPU
		{506126C6-7452-4983-B2EF-2B0BE9FC3745}.Debug|Any CPU.Build.0 = Debug|Any CPU
		{506126C6-7452-4983-B2EF-2B0BE9FC3745}.Release|Any CPU.ActiveCfg = Release|Any CPU
		{506126C6-7452-4983-B2EF-2B0BE9FC3745}.Release|Any CPU.Build.0 = Release|Any CPU
	EndGlobalSection
EndGlobal
